
Microsoft Visual Studio Solution File, Format Version 12.00
# Visual Studio 15
VisualStudioVersion = 15.0.26730.12
MinimumVisualStudioVersion = 10.0.40219.1
Project("{FAE04EC0-301F-11D3-BF4B-00C04F79EFBC}") = "SMTP_Client", "STMP_Client\SMTP_Client.csproj", "{67B4B4D0-D370-474A-A101-E8074B373348}"
EndProject
Global
	GlobalSection(SolutionConfigurationPlatforms) = preSolution
		Debug|Any CPU = Debug|Any CPU
		Release|Any CPU = Release|Any CPU
	EndGlobalSection
	GlobalSection(ProjectConfigurationPlatforms) = postSolution
		{67B4B4D0-D370-474A-A101-E8074B373348}.Debug|Any CPU.ActiveCfg = Debug|Any CPU
		{67B4B4D0-D370-474A-A101-E8074B373348}.Debug|Any CPU.Build.0 = Debug|Any CPU
		{67B4B4D0-D370-474A-A101-E8074B373348}.Release|Any CPU.ActiveCfg = Release|Any CPU
		{67B4B4D0-D370-474A-A101-E8074B373348}.Release|Any CPU.Build.0 = Release|Any CPU
	EndGlobalSection
	GlobalSection(SolutionProperties) = preSolution
		HideSolutionNode = FALSE
	EndGlobalSection
	GlobalSection(ExtensibilityGlobals) = postSolution
		SolutionGuid = {2C3BEB57-F188-46E4-8664-68F0D4D1EBDC}
	EndGlobalSection
EndGlobal
